
Microsoft Visual Studio Solution File, Format Version 12.00
# Visual Studio Version 17
VisualStudioVersion = 17.8.34309.116
MinimumVisualStudioVersion = 10.0.40219.1
Project("{FAE04EC0-301F-11D3-BF4B-00C04F79EFBC}") = "findZipCode", "findZipCode.csproj", "{7BC568C8-B729-48AF-A1C0-FB68B9D8DDF4}"
EndProject
Global
	GlobalSection(SolutionConfigurationPlatforms) = preSolution
		Debug|Any CPU = Debug|Any CPU
		Debug|x64 = Debug|x64
		Release|Any CPU = Release|Any CPU
		Release|x64 = Release|x64
	EndGlobalSection
	GlobalSection(ProjectConfigurationPlatforms) = postSolution
		{7BC568C8-B729-48AF-A1C0-FB68B9D8DDF4}.Debug|Any CPU.ActiveCfg = Debug|Any CPU
		{7BC568C8-B729-48AF-A1C0-FB68B9D8DDF4}.Debug|Any CPU.Build.0 = Debug|Any CPU
		{7BC568C8-B729-48AF-A1C0-FB68B9D8DDF4}.Debug|x64.ActiveCfg = Debug|x64
		{7BC568C8-B729-48AF-A1C0-FB68B9D8DDF4}.Debug|x64.Build.0 = Debug|x64
		{7BC568C8-B729-48AF-A1C0-FB68B9D8DDF4}.Release|Any CPU.ActiveCfg = Release|Any CPU
		{7BC568C8-B729-48AF-A1C0-FB68B9D8DDF4}.Release|Any CPU.Build.0 = Release|Any CPU
		{7BC568C8-B729-48AF-A1C0-FB68B9D8DDF4}.Release|x64.ActiveCfg = Release|x64
		{7BC568C8-B729-48AF-A1C0-FB68B9D8DDF4}.Release|x64.Build.0 = Release|x64
	EndGlobalSection
	GlobalSection(SolutionProperties) = preSolution
		HideSolutionNode = FALSE
	EndGlobalSection
	GlobalSection(ExtensibilityGlobals) = postSolution
		SolutionGuid = {9DE72DAB-58C1-444A-8565-6971C73F7D51}
	EndGlobalSection
EndGlobal
